
Microsoft Visual Studio Solution File, Format Version 12.00
# Visual Studio Version 17
VisualStudioVersion = 17.7.34221.43
MinimumVisualStudioVersion = 10.0.40219.1
Project("{FAE04EC0-301F-11D3-BF4B-00C04F79EFBC}") = "QuicksortAlgorithm", "QuicksortAlgorithm\QuicksortAlgorithm.csproj", "{8998079A-F9F7-4FCE-9510-AB22A25B3772}"
EndProject
Global
	GlobalSection(SolutionConfigurationPlatforms) = preSolution
		Debug|Any CPU = Debug|Any CPU
		Release|Any CPU = Release|Any CPU
	EndGlobalSection
	GlobalSection(ProjectConfigurationPlatforms) = postSolution
		{8998079A-F9F7-4FCE-9510-AB22A25B3772}.Debug|Any CPU.ActiveCfg = Debug|Any CPU
		{8998079A-F9F7-4FCE-9510-AB22A25B3772}.Debug|Any CPU.Build.0 = Debug|Any CPU
		{8998079A-F9F7-4FCE-9510-AB22A25B3772}.Release|Any CPU.ActiveCfg = Release|Any CPU
		{8998079A-F9F7-4FCE-9510-AB22A25B3772}.Release|Any CPU.Build.0 = Release|Any CPU
	EndGlobalSection
	GlobalSection(SolutionProperties) = preSolution
		HideSolutionNode = FALSE
	EndGlobalSection
	GlobalSection(ExtensibilityGlobals) = postSolution
		SolutionGuid = {5ED5DA1A-01F1-483F-919F-D7CEAC8BE7FE}
	EndGlobalSection
EndGlobal
